
Microsoft Visual Studio Solution File, Format Version 12.00
# Visual Studio Version 17
VisualStudioVersion = 17.1.32407.343
MinimumVisualStudioVersion = 10.0.40219.1
Project("{FAE04EC0-301F-11D3-BF4B-00C04F79EFBC}") = "SpritesheetSlicer", "SpritesheetSlicer.csproj", "{5510B621-DD3D-4108-B94F-916C07E7F98E}"
EndProject
Global
	GlobalSection(SolutionConfigurationPlatforms) = preSolution
		Debug|Any CPU = Debug|Any CPU
		Release|Any CPU = Release|Any CPU
	EndGlobalSection
	GlobalSection(ProjectConfigurationPlatforms) = postSolution
		{5510B621-DD3D-4108-B94F-916C07E7F98E}.Debug|Any CPU.ActiveCfg = Debug|Any CPU
		{5510B621-DD3D-4108-B94F-916C07E7F98E}.Debug|Any CPU.Build.0 = Debug|Any CPU
		{5510B621-DD3D-4108-B94F-916C07E7F98E}.Release|Any CPU.ActiveCfg = Release|Any CPU
		{5510B621-DD3D-4108-B94F-916C07E7F98E}.Release|Any CPU.Build.0 = Release|Any CPU
	EndGlobalSection
	GlobalSection(SolutionProperties) = preSolution
		HideSolutionNode = FALSE
	EndGlobalSection
	GlobalSection(ExtensibilityGlobals) = postSolution
		SolutionGuid = {F2C3B9A8-341B-46CF-9BDD-A5BA76E27C46}
	EndGlobalSection
EndGlobal
